
Microsoft Visual Studio Solution File, Format Version 12.00
# Visual Studio Version 17
VisualStudioVersion = 17.14.36109.1
MinimumVisualStudioVersion = 10.0.40219.1
Project("{FAE04EC0-301F-11D3-BF4B-00C04F79EFBC}") = "DentalDesign.API", "UserManagement.APi\DentalDesign.API.csproj", "{39226030-9661-4F84-B568-2519C4736D42}"
EndProject
Project("{2150E333-8FDC-42A3-9474-1A3956D46DE8}") = "Src", "Src", "{02EA681E-C7D8-13C7-8484-4AC65E1B71E8}"
EndProject
Project("{2150E333-8FDC-42A3-9474-1A3956D46DE8}") = "UserManagement", "UserManagement", "{31DBB2F9-261D-44ED-8C9A-BBB487E8D633}"
EndProject
Project("{FAE04EC0-301F-11D3-BF4B-00C04F79EFBC}") = "UserManagement.Application", "UserManagement.Application\UserManagement.Application.csproj", "{DB37C50A-8B6E-4100-B631-17915B2292B0}"
EndProject
Project("{FAE04EC0-301F-11D3-BF4B-00C04F79EFBC}") = "UserManagement.Domain", "UserManagement.Domain\UserManagement.Domain.csproj", "{A8F599CB-E22B-4AA2-8F0C-7169312D21D6}"
EndProject
Project("{FAE04EC0-301F-11D3-BF4B-00C04F79EFBC}") = "UserManagement.Infrastructure", "UserManagement.Infrastructure\UserManagement.Infrastructure.csproj", "{6430ED10-9BA9-4123-B325-5C5E196403B1}"
EndProject
Project("{FAE04EC0-301F-11D3-BF4B-00C04F79EFBC}") = "UserManagement.Service", "UserManagement.Service\UserManagement.Service.csproj", "{7B39344D-E1BA-404D-A0CD-D6C9CB643990}"
EndProject
Project("{2150E333-8FDC-42A3-9474-1A3956D46DE8}") = "Shared", "Shared", "{A081FBEE-F4A4-4C3D-87AC-5CD4CA46DA1A}"
EndProject
Project("{FAE04EC0-301F-11D3-BF4B-00C04F79EFBC}") = "Common.Domain", "Common.Domain\Common.Domain.csproj", "{4913904D-C330-48F3-809F-314E47ED6EA4}"
EndProject
Project("{FAE04EC0-301F-11D3-BF4B-00C04F79EFBC}") = "IdentityHelper", "IdentityHelper\IdentityHelper.csproj", "{2E0F5B6D-0B68-4D7C-809C-D3491D2AE7E8}"
EndProject
Project("{FAE04EC0-301F-11D3-BF4B-00C04F79EFBC}") = "UserManagement.Presentation", "UserManagement.Presentation\UserManagement.Presentation.csproj", "{47DB5CB3-3DF5-4234-B455-7DFDE055E64E}"
EndProject
Project("{FAE04EC0-301F-11D3-BF4B-00C04F79EFBC}") = "Common.Application", "Common.Application\Common.Application.csproj", "{79BAF4AE-7540-4F0D-945B-1B053E7F3FAC}"
EndProject
Project("{FAE04EC0-301F-11D3-BF4B-00C04F79EFBC}") = "Common.Infrastructure", "Common.Infrastructure\Common.Infrastructure.csproj", "{FEBC84C6-47D0-49E6-BE18-BAB8F80C2BC1}"
EndProject
Project("{FAE04EC0-301F-11D3-BF4B-00C04F79EFBC}") = "Common.Presentation", "Common.Presentation\Common.Presentation.csproj", "{E8C1EA97-A298-4676-9B6A-2CBCA5200678}"
EndProject
Project("{2150E333-8FDC-42A3-9474-1A3956D46DE8}") = "Case", "Case", "{67439C35-85E5-473A-97AE-2284FDC18F90}"
EndProject
Project("{FAE04EC0-301F-11D3-BF4B-00C04F79EFBC}") = "Case.Application", "Case.Application\Case.Application.csproj", "{75CABEE1-03C1-4BF0-8BDF-B6E275990103}"
EndProject
Project("{FAE04EC0-301F-11D3-BF4B-00C04F79EFBC}") = "Case.Domain", "Case.Domain\Case.Domain.csproj", "{AF8ADB94-856E-4977-A9C4-EEDFF31BE969}"
EndProject
Project("{FAE04EC0-301F-11D3-BF4B-00C04F79EFBC}") = "Case.Infrastructure", "Case.Infrastructure\Case.Infrastructure.csproj", "{D1B767A8-CA57-433E-8470-3590060759A5}"
EndProject
Project("{FAE04EC0-301F-11D3-BF4B-00C04F79EFBC}") = "Case.Presentation", "Case.Presentation\Case.Presentation.csproj", "{54C24E76-CAF2-43E9-B1F5-348F8A31B779}"
EndProject
Project("{FAE04EC0-301F-11D3-BF4B-00C04F79EFBC}") = "Case.Service", "Case.Service\Case.Service.csproj", "{264FB33C-AA00-4400-9925-102C29710531}"
EndProject
Project("{FAE04EC0-301F-11D3-BF4B-00C04F79EFBC}") = "FileService", "FileService\FileService.csproj", "{3E564FB9-6D76-4E0A-B7AA-B2C2141B667F}"
EndProject
Project("{FAE04EC0-301F-11D3-BF4B-00C04F79EFBC}") = "DentalDesign.Dashboard", "DentalDesign.Dashboard\DentalDesign.Dashboard.csproj", "{1EE82506-B91F-44F7-ADA4-508E1168A21A}"
EndProject
Project("{2150E333-8FDC-42A3-9474-1A3956D46DE8}") = "Task", "Task", "{BE481912-B8AC-47D6-ADEB-11560819B7D9}"
EndProject
Project("{FAE04EC0-301F-11D3-BF4B-00C04F79EFBC}") = "Task.Domain", "Task.Domain\Task.Domain.csproj", "{11E4D92B-2C08-4283-A057-041C35DFB813}"
EndProject
Project("{FAE04EC0-301F-11D3-BF4B-00C04F79EFBC}") = "Task.Application", "Task.Application\Task.Application.csproj", "{37E8B879-F7D2-4FFD-9F03-3B6AD817FA55}"
EndProject
Project("{FAE04EC0-301F-11D3-BF4B-00C04F79EFBC}") = "Task.Infrastructure", "Task.Infrastructure\Task.Infrastructure.csproj", "{20019FC2-2976-48FC-8BB0-08DEF0796B11}"
EndProject
Project("{FAE04EC0-301F-11D3-BF4B-00C04F79EFBC}") = "Task.Presentation", "Task.Presentation\Task.Presentation.csproj", "{FD04AB61-EFBE-4F5D-8588-AC319EB6141F}"
EndProject
Global
	GlobalSection(SolutionConfigurationPlatforms) = preSolution
		Debug|Any CPU = Debug|Any CPU
		Release|Any CPU = Release|Any CPU
	EndGlobalSection
	GlobalSection(ProjectConfigurationPlatforms) = postSolution
		{39226030-9661-4F84-B568-2519C4736D42}.Debug|Any CPU.ActiveCfg = Debug|Any CPU
		{39226030-9661-4F84-B568-2519C4736D42}.Debug|Any CPU.Build.0 = Debug|Any CPU
		{39226030-9661-4F84-B568-2519C4736D42}.Release|Any CPU.ActiveCfg = Release|Any CPU
		{39226030-9661-4F84-B568-2519C4736D42}.Release|Any CPU.Build.0 = Release|Any CPU
		{DB37C50A-8B6E-4100-B631-17915B2292B0}.Debug|Any CPU.ActiveCfg = Debug|Any CPU
		{DB37C50A-8B6E-4100-B631-17915B2292B0}.Debug|Any CPU.Build.0 = Debug|Any CPU
		{DB37C50A-8B6E-4100-B631-17915B2292B0}.Release|Any CPU.ActiveCfg = Release|Any CPU
		{DB37C50A-8B6E-4100-B631-17915B2292B0}.Release|Any CPU.Build.0 = Release|Any CPU
		{A8F599CB-E22B-4AA2-8F0C-7169312D21D6}.Debug|Any CPU.ActiveCfg = Debug|Any CPU
		{A8F599CB-E22B-4AA2-8F0C-7169312D21D6}.Debug|Any CPU.Build.0 = Debug|Any CPU
		{A8F599CB-E22B-4AA2-8F0C-7169312D21D6}.Release|Any CPU.ActiveCfg = Release|Any CPU
		{A8F599CB-E22B-4AA2-8F0C-7169312D21D6}.Release|Any CPU.Build.0 = Release|Any CPU
		{6430ED10-9BA9-4123-B325-5C5E196403B1}.Debug|Any CPU.ActiveCfg = Debug|Any CPU
		{6430ED10-9BA9-4123-B325-5C5E196403B1}.Debug|Any CPU.Build.0 = Debug|Any CPU
		{6430ED10-9BA9-4123-B325-5C5E196403B1}.Release|Any CPU.ActiveCfg = Release|Any CPU
		{6430ED10-9BA9-4123-B325-5C5E196403B1}.Release|Any CPU.Build.0 = Release|Any CPU
		{7B39344D-E1BA-404D-A0CD-D6C9CB643990}.Debug|Any CPU.ActiveCfg = Debug|Any CPU
		{7B39344D-E1BA-404D-A0CD-D6C9CB643990}.Debug|Any CPU.Build.0 = Debug|Any CPU
		{7B39344D-E1BA-404D-A0CD-D6C9CB643990}.Release|Any CPU.ActiveCfg = Release|Any CPU
		{7B39344D-E1BA-404D-A0CD-D6C9CB643990}.Release|Any CPU.Build.0 = Release|Any CPU
		{4913904D-C330-48F3-809F-314E47ED6EA4}.Debug|Any CPU.ActiveCfg = Debug|Any CPU
		{4913904D-C330-48F3-809F-314E47ED6EA4}.Debug|Any CPU.Build.0 = Debug|Any CPU
		{4913904D-C330-48F3-809F-314E47ED6EA4}.Release|Any CPU.ActiveCfg = Release|Any CPU
		{4913904D-C330-48F3-809F-314E47ED6EA4}.Release|Any CPU.Build.0 = Release|Any CPU
		{2E0F5B6D-0B68-4D7C-809C-D3491D2AE7E8}.Debug|Any CPU.ActiveCfg = Debug|Any CPU
		{2E0F5B6D-0B68-4D7C-809C-D3491D2AE7E8}.Debug|Any CPU.Build.0 = Debug|Any CPU
		{2E0F5B6D-0B68-4D7C-809C-D3491D2AE7E8}.Release|Any CPU.ActiveCfg = Release|Any CPU
		{2E0F5B6D-0B68-4D7C-809C-D3491D2AE7E8}.Release|Any CPU.Build.0 = Release|Any CPU
		{47DB5CB3-3DF5-4234-B455-7DFDE055E64E}.Debug|Any CPU.ActiveCfg = Debug|Any CPU
		{47DB5CB3-3DF5-4234-B455-7DFDE055E64E}.Debug|Any CPU.Build.0 = Debug|Any CPU
		{47DB5CB3-3DF5-4234-B455-7DFDE055E64E}.Release|Any CPU.ActiveCfg = Release|Any CPU
		{47DB5CB3-3DF5-4234-B455-7DFDE055E64E}.Release|Any CPU.Build.0 = Release|Any CPU
		{79BAF4AE-7540-4F0D-945B-1B053E7F3FAC}.Debug|Any CPU.ActiveCfg = Debug|Any CPU
		{79BAF4AE-7540-4F0D-945B-1B053E7F3FAC}.Debug|Any CPU.Build.0 = Debug|Any CPU
		{79BAF4AE-7540-4F0D-945B-1B053E7F3FAC}.Release|Any CPU.ActiveCfg = Release|Any CPU
		{79BAF4AE-7540-4F0D-945B-1B053E7F3FAC}.Release|Any CPU.Build.0 = Release|Any CPU
		{FEBC84C6-47D0-49E6-BE18-BAB8F80C2BC1}.Debug|Any CPU.ActiveCfg = Debug|Any CPU
		{FEBC84C6-47D0-49E6-BE18-BAB8F80C2BC1}.Debug|Any CPU.Build.0 = Debug|Any CPU
		{FEBC84C6-47D0-49E6-BE18-BAB8F80C2BC1}.Release|Any CPU.ActiveCfg = Release|Any CPU
		{FEBC84C6-47D0-49E6-BE18-BAB8F80C2BC1}.Release|Any CPU.Build.0 = Release|Any CPU
		{E8C1EA97-A298-4676-9B6A-2CBCA5200678}.Debug|Any CPU.ActiveCfg = Debug|Any CPU
		{E8C1EA97-A298-4676-9B6A-2CBCA5200678}.Debug|Any CPU.Build.0 = Debug|Any CPU
		{E8C1EA97-A298-4676-9B6A-2CBCA5200678}.Release|Any CPU.ActiveCfg = Release|Any CPU
		{E8C1EA97-A298-4676-9B6A-2CBCA5200678}.Release|Any CPU.Build.0 = Release|Any CPU
		{75CABEE1-03C1-4BF0-8BDF-B6E275990103}.Debug|Any CPU.ActiveCfg = Debug|Any CPU
		{75CABEE1-03C1-4BF0-8BDF-B6E275990103}.Debug|Any CPU.Build.0 = Debug|Any CPU
		{75CABEE1-03C1-4BF0-8BDF-B6E275990103}.Release|Any CPU.ActiveCfg = Release|Any CPU
		{75CABEE1-03C1-4BF0-8BDF-B6E275990103}.Release|Any CPU.Build.0 = Release|Any CPU
		{AF8ADB94-856E-4977-A9C4-EEDFF31BE969}.Debug|Any CPU.ActiveCfg = Debug|Any CPU
		{AF8ADB94-856E-4977-A9C4-EEDFF31BE969}.Debug|Any CPU.Build.0 = Debug|Any CPU
		{AF8ADB94-856E-4977-A9C4-EEDFF31BE969}.Release|Any CPU.ActiveCfg = Release|Any CPU
		{AF8ADB94-856E-4977-A9C4-EEDFF31BE969}.Release|Any CPU.Build.0 = Release|Any CPU
		{D1B767A8-CA57-433E-8470-3590060759A5}.Debug|Any CPU.ActiveCfg = Debug|Any CPU
		{D1B767A8-CA57-433E-8470-3590060759A5}.Debug|Any CPU.Build.0 = Debug|Any CPU
		{D1B767A8-CA57-433E-8470-3590060759A5}.Release|Any CPU.ActiveCfg = Release|Any CPU
		{D1B767A8-CA57-433E-8470-3590060759A5}.Release|Any CPU.Build.0 = Release|Any CPU
		{54C24E76-CAF2-43E9-B1F5-348F8A31B779}.Debug|Any CPU.ActiveCfg = Debug|Any CPU
		{54C24E76-CAF2-43E9-B1F5-348F8A31B779}.Debug|Any CPU.Build.0 = Debug|Any CPU
		{54C24E76-CAF2-43E9-B1F5-348F8A31B779}.Release|Any CPU.ActiveCfg = Release|Any CPU
		{54C24E76-CAF2-43E9-B1F5-348F8A31B779}.Release|Any CPU.Build.0 = Release|Any CPU
		{264FB33C-AA00-4400-9925-102C29710531}.Debug|Any CPU.ActiveCfg = Debug|Any CPU
		{264FB33C-AA00-4400-9925-102C29710531}.Debug|Any CPU.Build.0 = Debug|Any CPU
		{264FB33C-AA00-4400-9925-102C29710531}.Release|Any CPU.ActiveCfg = Release|Any CPU
		{264FB33C-AA00-4400-9925-102C29710531}.Release|Any CPU.Build.0 = Release|Any CPU
		{3E564FB9-6D76-4E0A-B7AA-B2C2141B667F}.Debug|Any CPU.ActiveCfg = Debug|Any CPU
		{3E564FB9-6D76-4E0A-B7AA-B2C2141B667F}.Debug|Any CPU.Build.0 = Debug|Any CPU
		{3E564FB9-6D76-4E0A-B7AA-B2C2141B667F}.Release|Any CPU.ActiveCfg = Release|Any CPU
		{3E564FB9-6D76-4E0A-B7AA-B2C2141B667F}.Release|Any CPU.Build.0 = Release|Any CPU
		{1EE82506-B91F-44F7-ADA4-508E1168A21A}.Debug|Any CPU.ActiveCfg = Debug|Any CPU
		{1EE82506-B91F-44F7-ADA4-508E1168A21A}.Debug|Any CPU.Build.0 = Debug|Any CPU
		{1EE82506-B91F-44F7-ADA4-508E1168A21A}.Release|Any CPU.ActiveCfg = Release|Any CPU
		{1EE82506-B91F-44F7-ADA4-508E1168A21A}.Release|Any CPU.Build.0 = Release|Any CPU
		{11E4D92B-2C08-4283-A057-041C35DFB813}.Debug|Any CPU.ActiveCfg = Debug|Any CPU
		{11E4D92B-2C08-4283-A057-041C35DFB813}.Debug|Any CPU.Build.0 = Debug|Any CPU
		{11E4D92B-2C08-4283-A057-041C35DFB813}.Release|Any CPU.ActiveCfg = Release|Any CPU
		{11E4D92B-2C08-4283-A057-041C35DFB813}.Release|Any CPU.Build.0 = Release|Any CPU
		{37E8B879-F7D2-4FFD-9F03-3B6AD817FA55}.Debug|Any CPU.ActiveCfg = Debug|Any CPU
		{37E8B879-F7D2-4FFD-9F03-3B6AD817FA55}.Debug|Any CPU.Build.0 = Debug|Any CPU
		{37E8B879-F7D2-4FFD-9F03-3B6AD817FA55}.Release|Any CPU.ActiveCfg = Release|Any CPU
		{37E8B879-F7D2-4FFD-9F03-3B6AD817FA55}.Release|Any CPU.Build.0 = Release|Any CPU
		{20019FC2-2976-48FC-8BB0-08DEF0796B11}.Debug|Any CPU.ActiveCfg = Debug|Any CPU
		{20019FC2-2976-48FC-8BB0-08DEF0796B11}.Debug|Any CPU.Build.0 = Debug|Any CPU
		{20019FC2-2976-48FC-8BB0-08DEF0796B11}.Release|Any CPU.ActiveCfg = Release|Any CPU
		{20019FC2-2976-48FC-8BB0-08DEF0796B11}.Release|Any CPU.Build.0 = Release|Any CPU
		{FD04AB61-EFBE-4F5D-8588-AC319EB6141F}.Debug|Any CPU.ActiveCfg = Debug|Any CPU
		{FD04AB61-EFBE-4F5D-8588-AC319EB6141F}.Debug|Any CPU.Build.0 = Debug|Any CPU
		{FD04AB61-EFBE-4F5D-8588-AC319EB6141F}.Release|Any CPU.ActiveCfg = Release|Any CPU
		{FD04AB61-EFBE-4F5D-8588-AC319EB6141F}.Release|Any CPU.Build.0 = Release|Any CPU
	EndGlobalSection
	GlobalSection(SolutionProperties) = preSolution
		HideSolutionNode = FALSE
	EndGlobalSection
	GlobalSection(NestedProjects) = preSolution
		{31DBB2F9-261D-44ED-8C9A-BBB487E8D633} = {02EA681E-C7D8-13C7-8484-4AC65E1B71E8}
		{DB37C50A-8B6E-4100-B631-17915B2292B0} = {31DBB2F9-261D-44ED-8C9A-BBB487E8D633}
		{A8F599CB-E22B-4AA2-8F0C-7169312D21D6} = {31DBB2F9-261D-44ED-8C9A-BBB487E8D633}
		{6430ED10-9BA9-4123-B325-5C5E196403B1} = {31DBB2F9-261D-44ED-8C9A-BBB487E8D633}
		{7B39344D-E1BA-404D-A0CD-D6C9CB643990} = {31DBB2F9-261D-44ED-8C9A-BBB487E8D633}
		{A081FBEE-F4A4-4C3D-87AC-5CD4CA46DA1A} = {02EA681E-C7D8-13C7-8484-4AC65E1B71E8}
		{4913904D-C330-48F3-809F-314E47ED6EA4} = {A081FBEE-F4A4-4C3D-87AC-5CD4CA46DA1A}
		{2E0F5B6D-0B68-4D7C-809C-D3491D2AE7E8} = {A081FBEE-F4A4-4C3D-87AC-5CD4CA46DA1A}
		{47DB5CB3-3DF5-4234-B455-7DFDE055E64E} = {31DBB2F9-261D-44ED-8C9A-BBB487E8D633}
		{79BAF4AE-7540-4F0D-945B-1B053E7F3FAC} = {A081FBEE-F4A4-4C3D-87AC-5CD4CA46DA1A}
		{FEBC84C6-47D0-49E6-BE18-BAB8F80C2BC1} = {A081FBEE-F4A4-4C3D-87AC-5CD4CA46DA1A}
		{E8C1EA97-A298-4676-9B6A-2CBCA5200678} = {A081FBEE-F4A4-4C3D-87AC-5CD4CA46DA1A}
		{67439C35-85E5-473A-97AE-2284FDC18F90} = {02EA681E-C7D8-13C7-8484-4AC65E1B71E8}
		{75CABEE1-03C1-4BF0-8BDF-B6E275990103} = {67439C35-85E5-473A-97AE-2284FDC18F90}
		{AF8ADB94-856E-4977-A9C4-EEDFF31BE969} = {67439C35-85E5-473A-97AE-2284FDC18F90}
		{D1B767A8-CA57-433E-8470-3590060759A5} = {67439C35-85E5-473A-97AE-2284FDC18F90}
		{54C24E76-CAF2-43E9-B1F5-348F8A31B779} = {67439C35-85E5-473A-97AE-2284FDC18F90}
		{264FB33C-AA00-4400-9925-102C29710531} = {67439C35-85E5-473A-97AE-2284FDC18F90}
		{3E564FB9-6D76-4E0A-B7AA-B2C2141B667F} = {A081FBEE-F4A4-4C3D-87AC-5CD4CA46DA1A}
		{BE481912-B8AC-47D6-ADEB-11560819B7D9} = {02EA681E-C7D8-13C7-8484-4AC65E1B71E8}
		{11E4D92B-2C08-4283-A057-041C35DFB813} = {BE481912-B8AC-47D6-ADEB-11560819B7D9}
		{37E8B879-F7D2-4FFD-9F03-3B6AD817FA55} = {BE481912-B8AC-47D6-ADEB-11560819B7D9}
		{20019FC2-2976-48FC-8BB0-08DEF0796B11} = {BE481912-B8AC-47D6-ADEB-11560819B7D9}
		{FD04AB61-EFBE-4F5D-8588-AC319EB6141F} = {BE481912-B8AC-47D6-ADEB-11560819B7D9}
	EndGlobalSection
	GlobalSection(ExtensibilityGlobals) = postSolution
		SolutionGuid = {C44460DC-CA52-41A1-84DB-A38FC9BDEBFB}
	EndGlobalSection
EndGlobal
